
Microsoft Visual Studio Solution File, Format Version 12.00
# Visual Studio 2012
Project("{FAE04EC0-301F-11D3-BF4B-00C04F79EFBC}") = "Goudkoorts", "Goudkoorts\Goudkoorts.csproj", "{88FB66D4-794C-4E3E-9B22-B55139344C69}"
EndProject
Project("{F088123C-0E9E-452A-89E6-6BA2F21D5CAC}") = "Class Diagram", "Class Diagram\Class Diagram.modelproj", "{88C54A15-D1F6-4874-9B53-058298BDB64D}"
EndProject
Global
	GlobalSection(SolutionConfigurationPlatforms) = preSolution
		Debug|Any CPU = Debug|Any CPU
		Release|Any CPU = Release|Any CPU
	EndGlobalSection
	GlobalSection(ProjectConfigurationPlatforms) = postSolution
		{88FB66D4-794C-4E3E-9B22-B55139344C69}.Debug|Any CPU.ActiveCfg = Debug|Any CPU
		{88FB66D4-794C-4E3E-9B22-B55139344C69}.Debug|Any CPU.Build.0 = Debug|Any CPU
		{88FB66D4-794C-4E3E-9B22-B55139344C69}.Release|Any CPU.ActiveCfg = Release|Any CPU
		{88FB66D4-794C-4E3E-9B22-B55139344C69}.Release|Any CPU.Build.0 = Release|Any CPU
		{88C54A15-D1F6-4874-9B53-058298BDB64D}.Debug|Any CPU.ActiveCfg = Debug|Any CPU
		{88C54A15-D1F6-4874-9B53-058298BDB64D}.Debug|Any CPU.Build.0 = Debug|Any CPU
		{88C54A15-D1F6-4874-9B53-058298BDB64D}.Release|Any CPU.ActiveCfg = Release|Any CPU
		{88C54A15-D1F6-4874-9B53-058298BDB64D}.Release|Any CPU.Build.0 = Release|Any CPU
	EndGlobalSection
	GlobalSection(SolutionProperties) = preSolution
		HideSolutionNode = FALSE
	EndGlobalSection
EndGlobal
